
Microsoft Visual Studio Solution File, Format Version 12.00
# Visual Studio Version 17
VisualStudioVersion = 17.13.35931.197 d17.13
MinimumVisualStudioVersion = 10.0.40219.1
Project("{FAE04EC0-301F-11D3-BF4B-00C04F79EFBC}") = "pizzeria", "pizzeria.csproj", "{8C60E6A9-C4A6-4A7F-AC97-BF0F0F0520CE}"
EndProject
Global
	GlobalSection(SolutionConfigurationPlatforms) = preSolution
		Debug|Any CPU = Debug|Any CPU
		Release|Any CPU = Release|Any CPU
	EndGlobalSection
	GlobalSection(ProjectConfigurationPlatforms) = postSolution
		{8C60E6A9-C4A6-4A7F-AC97-BF0F0F0520CE}.Debug|Any CPU.ActiveCfg = Debug|Any CPU
		{8C60E6A9-C4A6-4A7F-AC97-BF0F0F0520CE}.Debug|Any CPU.Build.0 = Debug|Any CPU
		{8C60E6A9-C4A6-4A7F-AC97-BF0F0F0520CE}.Release|Any CPU.ActiveCfg = Release|Any CPU
		{8C60E6A9-C4A6-4A7F-AC97-BF0F0F0520CE}.Release|Any CPU.Build.0 = Release|Any CPU
	EndGlobalSection
	GlobalSection(SolutionProperties) = preSolution
		HideSolutionNode = FALSE
	EndGlobalSection
	GlobalSection(ExtensibilityGlobals) = postSolution
		SolutionGuid = {085E9A08-B9AB-4E50-8701-AF27EFCB7544}
	EndGlobalSection
EndGlobal
